// !$*UTF8*$!
{
	archiveVersion = 1;
	classes = {
	};
	objectVersion = 50;
	objects = {

/* Begin PBXBuildFile section */
		A8CEEA9456724EB788964D8C /* Pods_SwiftyFire.framework in Frameworks */ = {isa = PBXBuildFile; fileRef = 72CEDBF1A0A5D09CA00827E7 /* Pods_SwiftyFire.framework */; };
		C915BC8C22893E330012F9B1 /* AppDelegate.swift in Sources */ = {isa = PBXBuildFile; fileRef = C915BC8B22893E330012F9B1 /* AppDelegate.swift */; };
		C915BC8E22893E330012F9B1 /* RootViewController.swift in Sources */ = {isa = PBXBuildFile; fileRef = C915BC8D22893E330012F9B1 /* RootViewController.swift */; };
		C915BC9022893E340012F9B1 /* Assets.xcassets in Resources */ = {isa = PBXBuildFile; fileRef = C915BC8F22893E340012F9B1 /* Assets.xcassets */; };
		C915BC9322893E340012F9B1 /* LaunchScreen.storyboard in Resources */ = {isa = PBXBuildFile; fileRef = C915BC9122893E340012F9B1 /* LaunchScreen.storyboard */; };
		C915BC9B228940A50012F9B1 /* GoogleService-Info.plist in Resources */ = {isa = PBXBuildFile; fileRef = C915BC9A228940A50012F9B1 /* GoogleService-Info.plist */; };
		C95F2CD8228C145300E7568F /* FirestoreReferenceManager.swift in Sources */ = {isa = PBXBuildFile; fileRef = C95F2CD7228C145300E7568F /* FirestoreReferenceManager.swift */; };
		C95F2CDA228C154100E7568F /* FirebaseKeys.swift in Sources */ = {isa = PBXBuildFile; fileRef = C95F2CD9228C154100E7568F /* FirebaseKeys.swift */; };
		C95F2CDC228C1A6300E7568F /* PurpleButton.swift in Sources */ = {isa = PBXBuildFile; fileRef = C95F2CDB228C1A6300E7568F /* PurpleButton.swift */; };
/* End PBXBuildFile section */

/* Begin PBXFileReference section */
		30827CE4A699A3182ABAA67D /* Pods-SwiftyFire.release.xcconfig */ = {isa = PBXFileReference; includeInIndex = 1; lastKnownFileType = text.xcconfig; name = "Pods-SwiftyFire.release.xcconfig"; path = "Target Support Files/Pods-SwiftyFire/Pods-SwiftyFire.release.xcconfig"; sourceTree = "<group>"; };
		72CEDBF1A0A5D09CA00827E7 /* Pods_SwiftyFire.framework */ = {isa = PBXFileReference; explicitFileType = wrapper.framework; includeInIndex = 0; path = Pods_SwiftyFire.framework; sourceTree = BUILT_PRODUCTS_DIR; };
		C915BC8822893E330012F9B1 /* SwiftyFire.app */ = {isa = PBXFileReference; explicitFileType = wrapper.application; includeInIndex = 0; path = SwiftyFire.app; sourceTree = BUILT_PRODUCTS_DIR; };
		C915BC8B22893E330012F9B1 /* AppDelegate.swift */ = {isa = PBXFileReference; lastKnownFileType = sourcecode.swift; path = AppDelegate.swift; sourceTree = "<group>"; };
		C915BC8D22893E330012F9B1 /* RootViewController.swift */ = {isa = PBXFileReference; lastKnownFileType = sourcecode.swift; path = RootViewController.swift; sourceTree = "<group>"; };
		C915BC8F22893E340012F9B1 /* Assets.xcassets */ = {isa = PBXFileReference; lastKnownFileType = folder.assetcatalog; path = Assets.xcassets; sourceTree = "<group>"; };
		C915BC9222893E340012F9B1 /* Base */ = {isa = PBXFileReference; lastKnownFileType = file.storyboard; name = Base; path = Base.lproj/LaunchScreen.storyboard; sourceTree = "<group>"; };
		C915BC9422893E340012F9B1 /* Info.plist */ = {isa = PBXFileReference; lastKnownFileType = text.plist.xml; path = Info.plist; sourceTree = "<group>"; };
		C915BC9A228940A50012F9B1 /* GoogleService-Info.plist */ = {isa = PBXFileReference; fileEncoding = 4; lastKnownFileType = text.plist.xml; path = "GoogleService-Info.plist"; sourceTree = "<group>"; };
		C95F2CD7228C145300E7568F /* FirestoreReferenceManager.swift */ = {isa = PBXFileReference; lastKnownFileType = sourcecode.swift; path = FirestoreReferenceManager.swift; sourceTree = "<group>"; };
		C95F2CD9228C154100E7568F /* FirebaseKeys.swift */ = {isa = PBXFileReference; lastKnownFileType = sourcecode.swift; path = FirebaseKeys.swift; sourceTree = "<group>"; };
		C95F2CDB228C1A6300E7568F /* PurpleButton.swift */ = {isa = PBXFileReference; lastKnownFileType = sourcecode.swift; path = PurpleButton.swift; sourceTree = "<group>"; };
		E115B5FCD585DADA11E988EC /* Pods-SwiftyFire.debug.xcconfig */ = {isa = PBXFileReference; includeInIndex = 1; lastKnownFileType = text.xcconfig; name = "Pods-SwiftyFire.debug.xcconfig"; path = "Target Support Files/Pods-SwiftyFire/Pods-SwiftyFire.debug.xcconfig"; sourceTree = "<group>"; };
/* End PBXFileReference section */

/* Begin PBXFrameworksBuildPhase section */
		C915BC8522893E330012F9B1 /* Frameworks */ = {
			isa = PBXFrameworksBuildPhase;
			buildActionMask = 2147483647;
			files = (
				A8CEEA9456724EB788964D8C /* Pods_SwiftyFire.framework in Frameworks */,
			);
			runOnlyForDeploymentPostprocessing = 0;
		};
/* End PBXFrameworksBuildPhase section */

/* Begin PBXGroup section */
		968C9D1A80FC1D0B43C9B358 /* Frameworks */ = {
			isa = PBXGroup;
			children = (
				72CEDBF1A0A5D09CA00827E7 /* Pods_SwiftyFire.framework */,
			);
			name = Frameworks;
			sourceTree = "<group>";
		};
		C915BC7F22893E330012F9B1 = {
			isa = PBXGroup;
			children = (
				C915BC8A22893E330012F9B1 /* SwiftyFire */,
				C915BC8922893E330012F9B1 /* Products */,
				FF87E00150F9AA7970E1C698 /* Pods */,
				968C9D1A80FC1D0B43C9B358 /* Frameworks */,
			);
			sourceTree = "<group>";
		};
		C915BC8922893E330012F9B1 /* Products */ = {
			isa = PBXGroup;
			children = (
				C915BC8822893E330012F9B1 /* SwiftyFire.app */,
			);
			name = Products;
			sourceTree = "<group>";
		};
		C915BC8A22893E330012F9B1 /* SwiftyFire */ = {
			isa = PBXGroup;
			children = (
				C915BC8B22893E330012F9B1 /* AppDelegate.swift */,
				C915BC8D22893E330012F9B1 /* RootViewController.swift */,
				C915BC8F22893E340012F9B1 /* Assets.xcassets */,
				C915BC9122893E340012F9B1 /* LaunchScreen.storyboard */,
				C915BC9422893E340012F9B1 /* Info.plist */,
				C915BC9A228940A50012F9B1 /* GoogleService-Info.plist */,
				C95F2CD7228C145300E7568F /* FirestoreReferenceManager.swift */,
				C95F2CD9228C154100E7568F /* FirebaseKeys.swift */,
				C95F2CDB228C1A6300E7568F /* PurpleButton.swift */,
			);
			path = SwiftyFire;
			sourceTree = "<group>";
		};
		FF87E00150F9AA7970E1C698 /* Pods */ = {
			isa = PBXGroup;
			children = (
				E115B5FCD585DADA11E988EC /* Pods-SwiftyFire.debug.xcconfig */,
				30827CE4A699A3182ABAA67D /* Pods-SwiftyFire.release.xcconfig */,
			);
			path = Pods;
			sourceTree = "<group>";
		};
/* End PBXGroup section */

/* Begin PBXNativeTarget section */
		C915BC8722893E330012F9B1 /* SwiftyFire */ = {
			isa = PBXNativeTarget;
			buildConfigurationList = C915BC9722893E340012F9B1 /* Build configuration list for PBXNativeTarget "SwiftyFire" */;
			buildPhases = (
				88E45756EC560A246C903638 /* [CP] Check Pods Manifest.lock */,
				C915BC8422893E330012F9B1 /* Sources */,
				C915BC8522893E330012F9B1 /* Frameworks */,
				C915BC8622893E330012F9B1 /* Resources */,
				1EB09EE4EDA154059E7B41CB /* [CP] Embed Pods Frameworks */,
			);
			buildRules = (
			);
			dependencies = (
			);
			name = SwiftyFire;
			productName = SwiftyFire;
			productReference = C915BC8822893E330012F9B1 /* SwiftyFire.app */;
			productType = "com.apple.product-type.application";
		};
/* End PBXNativeTarget section */

/* Begin PBXProject section */
		C915BC8022893E330012F9B1 /* Project object */ = {
			isa = PBXProject;
			attributes = {
				LastSwiftUpdateCheck = 1020;
				LastUpgradeCheck = 1020;
				ORGANIZATIONNAME = "Alex Nagy";
				TargetAttributes = {
					C915BC8722893E330012F9B1 = {
						CreatedOnToolsVersion = 10.2.1;
					};
				};
			};
			buildConfigurationList = C915BC8322893E330012F9B1 /* Build configuration list for PBXProject "SwiftyFire" */;
			compatibilityVersion = "Xcode 9.3";
			developmentRegion = en;
			hasScannedForEncodings = 0;
			knownRegions = (
				en,
				Base,
			);
			mainGroup = C915BC7F22893E330012F9B1;
			productRefGroup = C915BC8922893E330012F9B1 /* Products */;
			projectDirPath = "";
			projectRoot = "";
			targets = (
				C915BC8722893E330012F9B1 /* SwiftyFire */,
			);
		};
/* End PBXProject section */

/* Begin PBXResourcesBuildPhase section */
		C915BC8622893E330012F9B1 /* Resources */ = {
			isa = PBXResourcesBuildPhase;
			buildActionMask = 2147483647;
			files = (
				C915BC9B228940A50012F9B1 /* GoogleService-Info.plist in Resources */,
				C915BC9022893E340012F9B1 /* Assets.xcassets in Resources */,
				C915BC9322893E340012F9B1 /* LaunchScreen.storyboard in Resources */,
			);
			runOnlyForDeploymentPostprocessing = 0;
		};
/* End PBXResourcesBuildPhase section */

/* Begin PBXShellScriptBuildPhase section */
		1EB09EE4EDA154059E7B41CB /* [CP] Embed Pods Frameworks */ = {
			isa = PBXShellScriptBuildPhase;
			buildActionMask = 2147483647;
			files = (
			);
			inputFileListPaths = (
			);
			inputPaths = (
				"${PODS_ROOT}/Target Support Files/Pods-SwiftyFire/Pods-SwiftyFire-frameworks.sh",
				"${BUILT_PRODUCTS_DIR}/BoringSSL-GRPC/openssl_grpc.framework",
				"${BUILT_PRODUCTS_DIR}/GoogleUtilities/GoogleUtilities.framework",
				"${BUILT_PRODUCTS_DIR}/Protobuf/Protobuf.framework",
				"${BUILT_PRODUCTS_DIR}/TinyConstraints/TinyConstraints.framework",
				"${BUILT_PRODUCTS_DIR}/gRPC-C++/grpcpp.framework",
				"${BUILT_PRODUCTS_DIR}/gRPC-Core/grpc.framework",
				"${BUILT_PRODUCTS_DIR}/leveldb-library/leveldb.framework",
				"${BUILT_PRODUCTS_DIR}/nanopb/nanopb.framework",
			);
			name = "[CP] Embed Pods Frameworks";
			outputFileListPaths = (
			);
			outputPaths = (
				"${TARGET_BUILD_DIR}/${FRAMEWORKS_FOLDER_PATH}/openssl_grpc.framework",
				"${TARGET_BUILD_DIR}/${FRAMEWORKS_FOLDER_PATH}/GoogleUtilities.framework",
				"${TARGET_BUILD_DIR}/${FRAMEWORKS_FOLDER_PATH}/Protobuf.framework",
				"${TARGET_BUILD_DIR}/${FRAMEWORKS_FOLDER_PATH}/TinyConstraints.framework",
				"${TARGET_BUILD_DIR}/${FRAMEWORKS_FOLDER_PATH}/grpcpp.framework",
				"${TARGET_BUILD_DIR}/${FRAMEWORKS_FOLDER_PATH}/grpc.framework",
				"${TARGET_BUILD_DIR}/${FRAMEWORKS_FOLDER_PATH}/leveldb.framework",
				"${TARGET_BUILD_DIR}/${FRAMEWORKS_FOLDER_PATH}/nanopb.framework",
			);
			runOnlyForDeploymentPostprocessing = 0;
			shellPath = /bin/sh;
			shellScript = "\"${PODS_ROOT}/Target Support Files/Pods-SwiftyFire/Pods-SwiftyFire-frameworks.sh\"\n";
			showEnvVarsInLog = 0;
		};
		88E45756EC560A246C903638 /* [CP] Check Pods Manifest.lock */ = {
			isa = PBXShellScriptBuildPhase;
			buildActionMask = 2147483647;
			files = (
			);
			inputFileListPaths = (
			);
			inputPaths = (
				"${PODS_PODFILE_DIR_PATH}/Podfile.lock",
				"${PODS_ROOT}/Manifest.lock",
			);
			name = "[CP] Check Pods Manifest.lock";
			outputFileListPaths = (
			);
			outputPaths = (
				"$(DERIVED_FILE_DIR)/Pods-SwiftyFire-checkManifestLockResult.txt",
			);
			runOnlyForDeploymentPostprocessing = 0;
			shellPath = /bin/sh;
			shellScript = "diff \"${PODS_PODFILE_DIR_PATH}/Podfile.lock\" \"${PODS_ROOT}/Manifest.lock\" > /dev/null\nif [ $? != 0 ] ; then\n    # print error to STDERR\n    echo \"error: The sandbox is not in sync with the Podfile.lock. Run 'pod install' or update your CocoaPods installation.\" >&2\n    exit 1\nfi\n# This output is used by Xcode 'outputs' to avoid re-running this script phase.\necho \"SUCCESS\" > \"${SCRIPT_OUTPUT_FILE_0}\"\n";
			showEnvVarsInLog = 0;
		};
/* End PBXShellScriptBuildPhase section */

/* Begin PBXSourcesBuildPhase section */
		C915BC8422893E330012F9B1 /* Sources */ = {
			isa = PBXSourcesBuildPhase;
			buildActionMask = 2147483647;
			files = (
				C95F2CDC228C1A6300E7568F /* PurpleButton.swift in Sources */,
				C95F2CD8228C145300E7568F /* FirestoreReferenceManager.swift in Sources */,
				C915BC8E22893E330012F9B1 /* RootViewController.swift in Sources */,
				C95F2CDA228C154100E7568F /* FirebaseKeys.swift in Sources */,
				C915BC8C22893E330012F9B1 /* AppDelegate.swift in Sources */,
			);
			runOnlyForDeploymentPostprocessing = 0;
		};
/* End PBXSourcesBuildPhase section */

/* Begin PBXVariantGroup section */
		C915BC9122893E340012F9B1 /* LaunchScreen.storyboard */ = {
			isa = PBXVariantGroup;
			children = (
				C915BC9222893E340012F9B1 /* Base */,
			);
			name = LaunchScreen.storyboard;
			sourceTree = "<group>";
		};
/* End PBXVariantGroup section */

/* Begin XCBuildConfiguration section */
		C915BC9522893E340012F9B1 /* Debug */ = {
			isa = XCBuildConfiguration;
			buildSettings = {
				ALWAYS_SEARCH_USER_PATHS = NO;
				CLANG_ANALYZER_NONNULL = YES;
				CLANG_ANALYZER_NUMBER_OBJECT_CONVERSION = YES_AGGRESSIVE;
				CLANG_CXX_LANGUAGE_STANDARD = "gnu++14";
				CLANG_CXX_LIBRARY = "libc++";
				CLANG_ENABLE_MODULES = YES;
				CLANG_ENABLE_OBJC_ARC = YES;
				CLANG_ENABLE_OBJC_WEAK = YES;
				CLANG_WARN_BLOCK_CAPTURE_AUTORELEASING = YES;
				CLANG_WARN_BOOL_CONVERSION = YES;
				CLANG_WARN_COMMA = YES;
				CLANG_WARN_CONSTANT_CONVERSION = YES;
				CLANG_WARN_DEPRECATED_OBJC_IMPLEMENTATIONS = YES;
				CLANG_WARN_DIRECT_OBJC_ISA_USAGE = YES_ERROR;
				CLANG_WARN_DOCUMENTATION_COMMENTS = YES;
				CLANG_WARN_EMPTY_BODY = YES;
				CLANG_WARN_ENUM_CONVERSION = YES;
				CLANG_WARN_INFINITE_RECURSION = YES;
				CLANG_WARN_INT_CONVERSION = YES;
				CLANG_WARN_NON_LITERAL_NULL_CONVERSION = YES;
				CLANG_WARN_OBJC_IMPLICIT_RETAIN_SELF = YES;
				CLANG_WARN_OBJC_LITERAL_CONVERSION = YES;
				CLANG_WARN_OBJC_ROOT_CLASS = YES_ERROR;
				CLANG_WARN_RANGE_LOOP_ANALYSIS = YES;
				CLANG_WARN_STRICT_PROTOTYPES = YES;
				CLANG_WARN_SUSPICIOUS_MOVE = YES;
				CLANG_WARN_UNGUARDED_AVAILABILITY = YES_AGGRESSIVE;
				CLANG_WARN_UNREACHABLE_CODE = YES;
				CLANG_WARN__DUPLICATE_METHOD_MATCH = YES;
				CODE_SIGN_IDENTITY = "iPhone Developer";
				COPY_PHASE_STRIP = NO;
				DEBUG_INFORMATION_FORMAT = dwarf;
				ENABLE_STRICT_OBJC_MSGSEND = YES;
				ENABLE_TESTABILITY = YES;
				GCC_C_LANGUAGE_STANDARD = gnu11;
				GCC_DYNAMIC_NO_PIC = NO;
				GCC_NO_COMMON_BLOCKS = YES;
				GCC_OPTIMIZATION_LEVEL = 0;
				GCC_PREPROCESSOR_DEFINITIONS = (
					"DEBUG=1",
					"$(inherited)",
				);
				GCC_WARN_64_TO_32_BIT_CONVERSION = YES;
				GCC_WARN_ABOUT_RETURN_TYPE = YES_ERROR;
				GCC_WARN_UNDECLARED_SELECTOR = YES;
				GCC_WARN_UNINITIALIZED_AUTOS = YES_AGGRESSIVE;
				GCC_WARN_UNUSED_FUNCTION = YES;
				GCC_WARN_UNUSED_VARIABLE = YES;
				IPHONEOS_DEPLOYMENT_TARGET = 12.2;
				MTL_ENABLE_DEBUG_INFO = INCLUDE_SOURCE;
				MTL_FAST_MATH = YES;
				ONLY_ACTIVE_ARCH = YES;
				SDKROOT = iphoneos;
				SWIFT_ACTIVE_COMPILATION_CONDITIONS = DEBUG;
				SWIFT_OPTIMIZATION_LEVEL = "-Onone";
			};
			name = Debug;
		};
		C915BC9622893E340012F9B1 /* Release */ = {
			isa = XCBuildConfiguration;
			buildSettings = {
				ALWAYS_SEARCH_USER_PATHS = NO;
				CLANG_ANALYZER_NONNULL = YES;
				CLANG_ANALYZER_NUMBER_OBJECT_CONVERSION = YES_AGGRESSIVE;
				CLANG_CXX_LANGUAGE_STANDARD = "gnu++14";
				CLANG_CXX_LIBRARY = "libc++";
				CLANG_ENABLE_MODULES = YES;
				CLANG_ENABLE_OBJC_ARC = YES;
				CLANG_ENABLE_OBJC_WEAK = YES;
				CLANG_WARN_BLOCK_CAPTURE_AUTORELEASING = YES;
				CLANG_WARN_BOOL_CONVERSION = YES;
				CLANG_WARN_COMMA = YES;
				CLANG_WARN_CONSTANT_CONVERSION = YES;
				CLANG_WARN_DEPRECATED_OBJC_IMPLEMENTATIONS = YES;
				CLANG_WARN_DIRECT_OBJC_ISA_USAGE = YES_ERROR;
				CLANG_WARN_DOCUMENTATION_COMMENTS = YES;
				CLANG_WARN_EMPTY_BODY = YES;
				CLANG_WARN_ENUM_CONVERSION = YES;
				CLANG_WARN_INFINITE_RECURSION = YES;
				CLANG_WARN_INT_CONVERSION = YES;
				CLANG_WARN_NON_LITERAL_NULL_CONVERSION = YES;
				CLANG_WARN_OBJC_IMPLICIT_RETAIN_SELF = YES;
				CLANG_WARN_OBJC_LITERAL_CONVERSION = YES;
				CLANG_WARN_OBJC_ROOT_CLASS = YES_ERROR;
				CLANG_WARN_RANGE_LOOP_ANALYSIS = YES;
				CLANG_WARN_STRICT_PROTOTYPES = YES;
				CLANG_WARN_SUSPICIOUS_MOVE = YES;
				CLANG_WARN_UNGUARDED_AVAILABILITY = YES_AGGRESSIVE;
				CLANG_WARN_UNREACHABLE_CODE = YES;
				CLANG_WARN__DUPLICATE_METHOD_MATCH = YES;
				CODE_SIGN_IDENTITY = "iPhone Developer";
				COPY_PHASE_STRIP = NO;
				DEBUG_INFORMATION_FORMAT = "dwarf-with-dsym";
				ENABLE_NS_ASSERTIONS = NO;
				ENABLE_STRICT_OBJC_MSGSEND = YES;
				GCC_C_LANGUAGE_STANDARD = gnu11;
				GCC_NO_COMMON_BLOCKS = YES;
				GCC_WARN_64_TO_32_BIT_CONVERSION = YES;
				GCC_WARN_ABOUT_RETURN_TYPE = YES_ERROR;
				GCC_WARN_UNDECLARED_SELECTOR = YES;
				GCC_WARN_UNINITIALIZED_AUTOS = YES_AGGRESSIVE;
				GCC_WARN_UNUSED_FUNCTION = YES;
				GCC_WARN_UNUSED_VARIABLE = YES;
				IPHONEOS_DEPLOYMENT_TARGET = 12.2;
				MTL_ENABLE_DEBUG_INFO = NO;
				MTL_FAST_MATH = YES;
				SDKROOT = iphoneos;
				SWIFT_COMPILATION_MODE = wholemodule;
				SWIFT_OPTIMIZATION_LEVEL = "-O";
				VALIDATE_PRODUCT = YES;
			};
			name = Release;
		};
		C915BC9822893E340012F9B1 /* Debug */ = {
			isa = XCBuildConfiguration;
			baseConfigurationReference = E115B5FCD585DADA11E988EC /* Pods-SwiftyFire.debug.xcconfig */;
			buildSettings = {
				ASSETCATALOG_COMPILER_APPICON_NAME = AppIcon;
				CODE_SIGN_STYLE = Automatic;
				DEVELOPMENT_TEAM = R252PR8AVU;
				INFOPLIST_FILE = SwiftyFire/Info.plist;
				LD_RUNPATH_SEARCH_PATHS = (
					"$(inherited)",
					"@executable_path/Frameworks",
				);
				PRODUCT_BUNDLE_IDENTIFIER = com.Rebeloper.SwiftyFire;
				PRODUCT_NAME = "$(TARGET_NAME)";
				SWIFT_VERSION = 5.0;
				TARGETED_DEVICE_FAMILY = "1,2";
			};
			name = Debug;
		};
		C915BC9922893E340012F9B1 /* Release */ = {
			isa = XCBuildConfiguration;
			baseConfigurationReference = 30827CE4A699A3182ABAA67D /* Pods-SwiftyFire.release.xcconfig */;
			buildSettings = {
				ASSETCATALOG_COMPILER_APPICON_NAME = AppIcon;
				CODE_SIGN_STYLE = Automatic;
				DEVELOPMENT_TEAM = R252PR8AVU;
				INFOPLIST_FILE = SwiftyFire/Info.plist;
				LD_RUNPATH_SEARCH_PATHS = (
					"$(inherited)",
					"@executable_path/Frameworks",
				);
				PRODUCT_BUNDLE_IDENTIFIER = com.Rebeloper.SwiftyFire;
				PRODUCT_NAME = "$(TARGET_NAME)";
				SWIFT_VERSION = 5.0;
				TARGETED_DEVICE_FAMILY = "1,2";
			};
			name = Release;
		};
/* End XCBuildConfiguration section */

/* Begin XCConfigurationList section */
		C915BC8322893E330012F9B1 /* Build configuration list for PBXProject "SwiftyFire" */ = {
			isa = XCConfigurationList;
			buildConfigurations = (
				C915BC9522893E340012F9B1 /* Debug */,
				C915BC9622893E340012F9B1 /* Release */,
			);
			defaultConfigurationIsVisible = 0;
			defaultConfigurationName = Release;
		};
		C915BC9722893E340012F9B1 /* Build configuration list for PBXNativeTarget "SwiftyFire" */ = {
			isa = XCConfigurationList;
			buildConfigurations = (
				C915BC9822893E340012F9B1 /* Debug */,
				C915BC9922893E340012F9B1 /* Release */,
			);
			defaultConfigurationIsVisible = 0;
			defaultConfigurationName = Release;
		};
/* End XCConfigurationList section */
	};
	rootObject = C915BC8022893E330012F9B1 /* Project object */;
}
